
Microsoft Visual Studio Solution File, Format Version 12.00
# Visual Studio Version 17
VisualStudioVersion = 17.10.34928.147
MinimumVisualStudioVersion = 10.0.40219.1
Project("{FAE04EC0-301F-11D3-BF4B-00C04F79EFBC}") = "FakeDataGeneration(Task5)", "FakeDataGeneration(Task5).csproj", "{7F67B236-9D6A-4142-9EAD-EEF2D3E79261}"
EndProject
Global
	GlobalSection(SolutionConfigurationPlatforms) = preSolution
		Debug|Any CPU = Debug|Any CPU
		Release|Any CPU = Release|Any CPU
	EndGlobalSection
	GlobalSection(ProjectConfigurationPlatforms) = postSolution
		{7F67B236-9D6A-4142-9EAD-EEF2D3E79261}.Debug|Any CPU.ActiveCfg = Debug|Any CPU
		{7F67B236-9D6A-4142-9EAD-EEF2D3E79261}.Debug|Any CPU.Build.0 = Debug|Any CPU
		{7F67B236-9D6A-4142-9EAD-EEF2D3E79261}.Release|Any CPU.ActiveCfg = Release|Any CPU
		{7F67B236-9D6A-4142-9EAD-EEF2D3E79261}.Release|Any CPU.Build.0 = Release|Any CPU
	EndGlobalSection
	GlobalSection(SolutionProperties) = preSolution
		HideSolutionNode = FALSE
	EndGlobalSection
	GlobalSection(ExtensibilityGlobals) = postSolution
		SolutionGuid = {C47010F6-3E75-4121-960B-F6E040A289C4}
	EndGlobalSection
EndGlobal
